
Microsoft Visual Studio Solution File, Format Version 12.00
# Visual Studio Version 16
VisualStudioVersion = 16.0.29025.244
MinimumVisualStudioVersion = 10.0.40219.1
Project("{FAE04EC0-301F-11D3-BF4B-00C04F79EFBC}") = "DD_WorkTab", "DD_WorkTab.csproj", "{AD72E897-5B18-4570-9A3B-898D9AB398CC}"
EndProject
Global
	GlobalSection(SolutionConfigurationPlatforms) = preSolution
		Debug|Any CPU = Debug|Any CPU
		Release|Any CPU = Release|Any CPU
	EndGlobalSection
	GlobalSection(ProjectConfigurationPlatforms) = postSolution
		{AD72E897-5B18-4570-9A3B-898D9AB398CC}.Debug|Any CPU.ActiveCfg = Debug|Any CPU
		{AD72E897-5B18-4570-9A3B-898D9AB398CC}.Debug|Any CPU.Build.0 = Debug|Any CPU
		{AD72E897-5B18-4570-9A3B-898D9AB398CC}.Release|Any CPU.ActiveCfg = Release|Any CPU
		{AD72E897-5B18-4570-9A3B-898D9AB398CC}.Release|Any CPU.Build.0 = Release|Any CPU
	EndGlobalSection
	GlobalSection(SolutionProperties) = preSolution
		HideSolutionNode = FALSE
	EndGlobalSection
	GlobalSection(ExtensibilityGlobals) = postSolution
		SolutionGuid = {6A1F55D3-0978-48BF-9FAF-9F4DA0D56423}
	EndGlobalSection
EndGlobal
